<Solution>
  <Folder Name="/Solution Items/">
    <File Path=".gitignore" />
    <File Path="Directory.Build.props" />
    <File Path="LICENSE.txt" />
    <File Path="README.md" />
  </Folder>
  <Project Path="AzDoBoards.Ui\AzDoBoards.Ui.csproj" />
  <Project Path="AzDoBoards.Utility\AzDoBoards.Utility.csproj" />
  <Project Path="AzDoBoards.Client\AzDoBoards.Client.csproj" />
  <Project Path="AzDoBoards.Data\AzDoBoards.Data.csproj" />
</Solution>
